// !$*UTF8*$!
{
	archiveVersion = 1;
	classes = {
	};
	objectVersion = 56;
	objects = {

/* Begin PBXBuildFile section */
		3C675DEE2B51757F00C0E134 /* TLButton.swift in Sources */ = {isa = PBXBuildFile; fileRef = 3C675DED2B51757F00C0E134 /* TLButton.swift */; };
		3C675DF02B51AA6000C0E134 /* Extention.swift in Sources */ = {isa = PBXBuildFile; fileRef = 3C675DEF2B51AA6000C0E134 /* Extention.swift */; };
		3CDFDB002B503D7200544E23 /* ToDoListAppApp.swift in Sources */ = {isa = PBXBuildFile; fileRef = 3CDFDAFF2B503D7200544E23 /* ToDoListAppApp.swift */; };
		3CDFDB022B503D7200544E23 /* MainView.swift in Sources */ = {isa = PBXBuildFile; fileRef = 3CDFDB012B503D7200544E23 /* MainView.swift */; };
		3CDFDB042B503D7500544E23 /* Assets.xcassets in Resources */ = {isa = PBXBuildFile; fileRef = 3CDFDB032B503D7500544E23 /* Assets.xcassets */; };
		3CDFDB082B503D7500544E23 /* Preview Assets.xcassets in Resources */ = {isa = PBXBuildFile; fileRef = 3CDFDB072B503D7500544E23 /* Preview Assets.xcassets */; };
		3CDFDB122B503D7500544E23 /* ToDoListAppTests.swift in Sources */ = {isa = PBXBuildFile; fileRef = 3CDFDB112B503D7500544E23 /* ToDoListAppTests.swift */; };
		3CDFDB1C2B503D7500544E23 /* ToDoListAppUITests.swift in Sources */ = {isa = PBXBuildFile; fileRef = 3CDFDB1B2B503D7500544E23 /* ToDoListAppUITests.swift */; };
		3CDFDB1E2B503D7500544E23 /* ToDoListAppUITestsLaunchTests.swift in Sources */ = {isa = PBXBuildFile; fileRef = 3CDFDB1D2B503D7500544E23 /* ToDoListAppUITestsLaunchTests.swift */; };
		3CDFDB2C2B503DBC00544E23 /* FirebaseAuth in Frameworks */ = {isa = PBXBuildFile; productRef = 3CDFDB2B2B503DBC00544E23 /* FirebaseAuth */; };
		3CDFDB2E2B503DBC00544E23 /* FirebaseFirestore in Frameworks */ = {isa = PBXBuildFile; productRef = 3CDFDB2D2B503DBC00544E23 /* FirebaseFirestore */; };
		3CDFDB302B503DBC00544E23 /* FirebaseFirestoreSwift in Frameworks */ = {isa = PBXBuildFile; productRef = 3CDFDB2F2B503DBC00544E23 /* FirebaseFirestoreSwift */; };
		3CDFDB322B50401200544E23 /* GoogleService-Info.plist in Resources */ = {isa = PBXBuildFile; fileRef = 3CDFDB312B50401200544E23 /* GoogleService-Info.plist */; };
		3CDFDB3A2B50F9C600544E23 /* ProfileView.swift in Sources */ = {isa = PBXBuildFile; fileRef = 3CDFDB392B50F9C600544E23 /* ProfileView.swift */; };
		3CDFDB3C2B50F9E600544E23 /* ToDoListView.swift in Sources */ = {isa = PBXBuildFile; fileRef = 3CDFDB3B2B50F9E600544E23 /* ToDoListView.swift */; };
		3CDFDB3E2B50FA0400544E23 /* NewItemView.swift in Sources */ = {isa = PBXBuildFile; fileRef = 3CDFDB3D2B50FA0400544E23 /* NewItemView.swift */; };
		3CDFDB402B50FA1600544E23 /* LoginVIew.swift in Sources */ = {isa = PBXBuildFile; fileRef = 3CDFDB3F2B50FA1600544E23 /* LoginVIew.swift */; };
		3CDFDB422B50FA2800544E23 /* RegisterView.swift in Sources */ = {isa = PBXBuildFile; fileRef = 3CDFDB412B50FA2800544E23 /* RegisterView.swift */; };
		3CDFDB442B50FA5700544E23 /* ToDoListItemVIew.swift in Sources */ = {isa = PBXBuildFile; fileRef = 3CDFDB432B50FA5700544E23 /* ToDoListItemVIew.swift */; };
		3CDFDB462B50FACA00544E23 /* Users.swift in Sources */ = {isa = PBXBuildFile; fileRef = 3CDFDB452B50FACA00544E23 /* Users.swift */; };
		3CDFDB482B50FAE200544E23 /* ToDoListItem.swift in Sources */ = {isa = PBXBuildFile; fileRef = 3CDFDB472B50FAE200544E23 /* ToDoListItem.swift */; };
		3CDFDB4A2B50FB1200544E23 /* MainViewViewModel.swift in Sources */ = {isa = PBXBuildFile; fileRef = 3CDFDB492B50FB1200544E23 /* MainViewViewModel.swift */; };
		3CDFDB4C2B50FB2B00544E23 /* ProfileViewViewModel.swift in Sources */ = {isa = PBXBuildFile; fileRef = 3CDFDB4B2B50FB2B00544E23 /* ProfileViewViewModel.swift */; };
		3CDFDB4E2B50FB4D00544E23 /* ToDoListViewViewModel.swift in Sources */ = {isa = PBXBuildFile; fileRef = 3CDFDB4D2B50FB4D00544E23 /* ToDoListViewViewModel.swift */; };
		3CDFDB502B50FB6600544E23 /* NewItemViewViewModel.swift in Sources */ = {isa = PBXBuildFile; fileRef = 3CDFDB4F2B50FB6600544E23 /* NewItemViewViewModel.swift */; };
		3CDFDB522B50FB7200544E23 /* LoginViewViewModel.swift in Sources */ = {isa = PBXBuildFile; fileRef = 3CDFDB512B50FB7200544E23 /* LoginViewViewModel.swift */; };
		3CDFDB542B50FB8200544E23 /* RegisterViewViewModel.swift in Sources */ = {isa = PBXBuildFile; fileRef = 3CDFDB532B50FB8200544E23 /* RegisterViewViewModel.swift */; };
		3CDFDB562B50FB9600544E23 /* ToDoListItemViewViewModel.swift in Sources */ = {isa = PBXBuildFile; fileRef = 3CDFDB552B50FB9600544E23 /* ToDoListItemViewViewModel.swift */; };
		3CDFDB592B51018000544E23 /* HeaderView.swift in Sources */ = {isa = PBXBuildFile; fileRef = 3CDFDB582B51018000544E23 /* HeaderView.swift */; };
/* End PBXBuildFile section */

/* Begin PBXContainerItemProxy section */
		3CDFDB0E2B503D7500544E23 /* PBXContainerItemProxy */ = {
			isa = PBXContainerItemProxy;
			containerPortal = 3CDFDAF42B503D7200544E23 /* Project object */;
			proxyType = 1;
			remoteGlobalIDString = 3CDFDAFB2B503D7200544E23;
			remoteInfo = ToDoListApp;
		};
		3CDFDB182B503D7500544E23 /* PBXContainerItemProxy */ = {
			isa = PBXContainerItemProxy;
			containerPortal = 3CDFDAF42B503D7200544E23 /* Project object */;
			proxyType = 1;
			remoteGlobalIDString = 3CDFDAFB2B503D7200544E23;
			remoteInfo = ToDoListApp;
		};
/* End PBXContainerItemProxy section */

/* Begin PBXFileReference section */
		3C675DED2B51757F00C0E134 /* TLButton.swift */ = {isa = PBXFileReference; lastKnownFileType = sourcecode.swift; path = TLButton.swift; sourceTree = "<group>"; };
		3C675DEF2B51AA6000C0E134 /* Extention.swift */ = {isa = PBXFileReference; lastKnownFileType = sourcecode.swift; path = Extention.swift; sourceTree = "<group>"; };
		3CDFDAFC2B503D7200544E23 /* ToDoListApp.app */ = {isa = PBXFileReference; explicitFileType = wrapper.application; includeInIndex = 0; path = ToDoListApp.app; sourceTree = BUILT_PRODUCTS_DIR; };
		3CDFDAFF2B503D7200544E23 /* ToDoListAppApp.swift */ = {isa = PBXFileReference; lastKnownFileType = sourcecode.swift; path = ToDoListAppApp.swift; sourceTree = "<group>"; };
		3CDFDB012B503D7200544E23 /* MainView.swift */ = {isa = PBXFileReference; lastKnownFileType = sourcecode.swift; path = MainView.swift; sourceTree = "<group>"; };
		3CDFDB032B503D7500544E23 /* Assets.xcassets */ = {isa = PBXFileReference; lastKnownFileType = folder.assetcatalog; path = Assets.xcassets; sourceTree = "<group>"; };
		3CDFDB052B503D7500544E23 /* ToDoListApp.entitlements */ = {isa = PBXFileReference; lastKnownFileType = text.plist.entitlements; path = ToDoListApp.entitlements; sourceTree = "<group>"; };
		3CDFDB072B503D7500544E23 /* Preview Assets.xcassets */ = {isa = PBXFileReference; lastKnownFileType = folder.assetcatalog; path = "Preview Assets.xcassets"; sourceTree = "<group>"; };
		3CDFDB0D2B503D7500544E23 /* ToDoListAppTests.xctest */ = {isa = PBXFileReference; explicitFileType = wrapper.cfbundle; includeInIndex = 0; path = ToDoListAppTests.xctest; sourceTree = BUILT_PRODUCTS_DIR; };
		3CDFDB112B503D7500544E23 /* ToDoListAppTests.swift */ = {isa = PBXFileReference; lastKnownFileType = sourcecode.swift; path = ToDoListAppTests.swift; sourceTree = "<group>"; };
		3CDFDB172B503D7500544E23 /* ToDoListAppUITests.xctest */ = {isa = PBXFileReference; explicitFileType = wrapper.cfbundle; includeInIndex = 0; path = ToDoListAppUITests.xctest; sourceTree = BUILT_PRODUCTS_DIR; };
		3CDFDB1B2B503D7500544E23 /* ToDoListAppUITests.swift */ = {isa = PBXFileReference; lastKnownFileType = sourcecode.swift; path = ToDoListAppUITests.swift; sourceTree = "<group>"; };
		3CDFDB1D2B503D7500544E23 /* ToDoListAppUITestsLaunchTests.swift */ = {isa = PBXFileReference; lastKnownFileType = sourcecode.swift; path = ToDoListAppUITestsLaunchTests.swift; sourceTree = "<group>"; };
		3CDFDB312B50401200544E23 /* GoogleService-Info.plist */ = {isa = PBXFileReference; fileEncoding = 4; lastKnownFileType = text.plist.xml; path = "GoogleService-Info.plist"; sourceTree = "<group>"; };
		3CDFDB392B50F9C600544E23 /* ProfileView.swift */ = {isa = PBXFileReference; lastKnownFileType = sourcecode.swift; path = ProfileView.swift; sourceTree = "<group>"; };
		3CDFDB3B2B50F9E600544E23 /* ToDoListView.swift */ = {isa = PBXFileReference; lastKnownFileType = sourcecode.swift; path = ToDoListView.swift; sourceTree = "<group>"; };
		3CDFDB3D2B50FA0400544E23 /* NewItemView.swift */ = {isa = PBXFileReference; lastKnownFileType = sourcecode.swift; path = NewItemView.swift; sourceTree = "<group>"; };
		3CDFDB3F2B50FA1600544E23 /* LoginVIew.swift */ = {isa = PBXFileReference; lastKnownFileType = sourcecode.swift; path = LoginVIew.swift; sourceTree = "<group>"; };
		3CDFDB412B50FA2800544E23 /* RegisterView.swift */ = {isa = PBXFileReference; lastKnownFileType = sourcecode.swift; path = RegisterView.swift; sourceTree = "<group>"; };
		3CDFDB432B50FA5700544E23 /* ToDoListItemVIew.swift */ = {isa = PBXFileReference; lastKnownFileType = sourcecode.swift; path = ToDoListItemVIew.swift; sourceTree = "<group>"; };
		3CDFDB452B50FACA00544E23 /* Users.swift */ = {isa = PBXFileReference; lastKnownFileType = sourcecode.swift; path = Users.swift; sourceTree = "<group>"; };
		3CDFDB472B50FAE200544E23 /* ToDoListItem.swift */ = {isa = PBXFileReference; lastKnownFileType = sourcecode.swift; path = ToDoListItem.swift; sourceTree = "<group>"; };
		3CDFDB492B50FB1200544E23 /* MainViewViewModel.swift */ = {isa = PBXFileReference; lastKnownFileType = sourcecode.swift; path = MainViewViewModel.swift; sourceTree = "<group>"; };
		3CDFDB4B2B50FB2B00544E23 /* ProfileViewViewModel.swift */ = {isa = PBXFileReference; lastKnownFileType = sourcecode.swift; path = ProfileViewViewModel.swift; sourceTree = "<group>"; };
		3CDFDB4D2B50FB4D00544E23 /* ToDoListViewViewModel.swift */ = {isa = PBXFileReference; lastKnownFileType = sourcecode.swift; path = ToDoListViewViewModel.swift; sourceTree = "<group>"; };
		3CDFDB4F2B50FB6600544E23 /* NewItemViewViewModel.swift */ = {isa = PBXFileReference; lastKnownFileType = sourcecode.swift; path = NewItemViewViewModel.swift; sourceTree = "<group>"; };
		3CDFDB512B50FB7200544E23 /* LoginViewViewModel.swift */ = {isa = PBXFileReference; lastKnownFileType = sourcecode.swift; path = LoginViewViewModel.swift; sourceTree = "<group>"; };
		3CDFDB532B50FB8200544E23 /* RegisterViewViewModel.swift */ = {isa = PBXFileReference; lastKnownFileType = sourcecode.swift; path = RegisterViewViewModel.swift; sourceTree = "<group>"; };
		3CDFDB552B50FB9600544E23 /* ToDoListItemViewViewModel.swift */ = {isa = PBXFileReference; lastKnownFileType = sourcecode.swift; path = ToDoListItemViewViewModel.swift; sourceTree = "<group>"; };
		3CDFDB582B51018000544E23 /* HeaderView.swift */ = {isa = PBXFileReference; lastKnownFileType = sourcecode.swift; path = HeaderView.swift; sourceTree = "<group>"; };
/* End PBXFileReference section */

/* Begin PBXFrameworksBuildPhase section */
		3CDFDAF92B503D7200544E23 /* Frameworks */ = {
			isa = PBXFrameworksBuildPhase;
			buildActionMask = 2147483647;
			files = (
				3CDFDB2C2B503DBC00544E23 /* FirebaseAuth in Frameworks */,
				3CDFDB2E2B503DBC00544E23 /* FirebaseFirestore in Frameworks */,
				3CDFDB302B503DBC00544E23 /* FirebaseFirestoreSwift in Frameworks */,
			);
			runOnlyForDeploymentPostprocessing = 0;
		};
		3CDFDB0A2B503D7500544E23 /* Frameworks */ = {
			isa = PBXFrameworksBuildPhase;
			buildActionMask = 2147483647;
			files = (
			);
			runOnlyForDeploymentPostprocessing = 0;
		};
		3CDFDB142B503D7500544E23 /* Frameworks */ = {
			isa = PBXFrameworksBuildPhase;
			buildActionMask = 2147483647;
			files = (
			);
			runOnlyForDeploymentPostprocessing = 0;
		};
/* End PBXFrameworksBuildPhase section */

/* Begin PBXGroup section */
		3CDFDAF32B503D7200544E23 = {
			isa = PBXGroup;
			children = (
				3CDFDAFE2B503D7200544E23 /* ToDoListApp */,
				3CDFDB102B503D7500544E23 /* ToDoListAppTests */,
				3CDFDB1A2B503D7500544E23 /* ToDoListAppUITests */,
				3CDFDAFD2B503D7200544E23 /* Products */,
			);
			sourceTree = "<group>";
		};
		3CDFDAFD2B503D7200544E23 /* Products */ = {
			isa = PBXGroup;
			children = (
				3CDFDAFC2B503D7200544E23 /* ToDoListApp.app */,
				3CDFDB0D2B503D7500544E23 /* ToDoListAppTests.xctest */,
				3CDFDB172B503D7500544E23 /* ToDoListAppUITests.xctest */,
			);
			name = Products;
			sourceTree = "<group>";
		};
		3CDFDAFE2B503D7200544E23 /* ToDoListApp */ = {
			isa = PBXGroup;
			children = (
				3CDFDB382B50F71300544E23 /* Others */,
				3CDFDB372B50F6F500544E23 /* Models */,
				3CDFDB362B50F55F00544E23 /* ViewModels */,
				3CDFDB352B50F55800544E23 /* Views */,
				3CDFDB052B503D7500544E23 /* ToDoListApp.entitlements */,
				3CDFDB062B503D7500544E23 /* Preview Content */,
			);
			path = ToDoListApp;
			sourceTree = "<group>";
		};
		3CDFDB062B503D7500544E23 /* Preview Content */ = {
			isa = PBXGroup;
			children = (
				3CDFDB072B503D7500544E23 /* Preview Assets.xcassets */,
			);
			path = "Preview Content";
			sourceTree = "<group>";
		};
		3CDFDB102B503D7500544E23 /* ToDoListAppTests */ = {
			isa = PBXGroup;
			children = (
				3CDFDB112B503D7500544E23 /* ToDoListAppTests.swift */,
			);
			path = ToDoListAppTests;
			sourceTree = "<group>";
		};
		3CDFDB1A2B503D7500544E23 /* ToDoListAppUITests */ = {
			isa = PBXGroup;
			children = (
				3CDFDB1B2B503D7500544E23 /* ToDoListAppUITests.swift */,
				3CDFDB1D2B503D7500544E23 /* ToDoListAppUITestsLaunchTests.swift */,
			);
			path = ToDoListAppUITests;
			sourceTree = "<group>";
		};
		3CDFDB352B50F55800544E23 /* Views */ = {
			isa = PBXGroup;
			children = (
				3CDFDB572B51016B00544E23 /* Widget */,
				3CDFDB012B503D7200544E23 /* MainView.swift */,
				3CDFDB392B50F9C600544E23 /* ProfileView.swift */,
				3CDFDB3B2B50F9E600544E23 /* ToDoListView.swift */,
				3CDFDB3D2B50FA0400544E23 /* NewItemView.swift */,
				3CDFDB3F2B50FA1600544E23 /* LoginVIew.swift */,
				3CDFDB412B50FA2800544E23 /* RegisterView.swift */,
				3CDFDB432B50FA5700544E23 /* ToDoListItemVIew.swift */,
			);
			path = Views;
			sourceTree = "<group>";
		};
		3CDFDB362B50F55F00544E23 /* ViewModels */ = {
			isa = PBXGroup;
			children = (
				3CDFDB492B50FB1200544E23 /* MainViewViewModel.swift */,
				3CDFDB4B2B50FB2B00544E23 /* ProfileViewViewModel.swift */,
				3CDFDB4D2B50FB4D00544E23 /* ToDoListViewViewModel.swift */,
				3CDFDB4F2B50FB6600544E23 /* NewItemViewViewModel.swift */,
				3CDFDB512B50FB7200544E23 /* LoginViewViewModel.swift */,
				3CDFDB532B50FB8200544E23 /* RegisterViewViewModel.swift */,
				3CDFDB552B50FB9600544E23 /* ToDoListItemViewViewModel.swift */,
			);
			path = ViewModels;
			sourceTree = "<group>";
		};
		3CDFDB372B50F6F500544E23 /* Models */ = {
			isa = PBXGroup;
			children = (
				3CDFDB452B50FACA00544E23 /* Users.swift */,
				3CDFDB472B50FAE200544E23 /* ToDoListItem.swift */,
			);
			path = Models;
			sourceTree = "<group>";
		};
		3CDFDB382B50F71300544E23 /* Others */ = {
			isa = PBXGroup;
			children = (
				3CDFDB032B503D7500544E23 /* Assets.xcassets */,
				3CDFDAFF2B503D7200544E23 /* ToDoListAppApp.swift */,
				3CDFDB312B50401200544E23 /* GoogleService-Info.plist */,
				3C675DEF2B51AA6000C0E134 /* Extention.swift */,
			);
			path = Others;
			sourceTree = "<group>";
		};
		3CDFDB572B51016B00544E23 /* Widget */ = {
			isa = PBXGroup;
			children = (
				3CDFDB582B51018000544E23 /* HeaderView.swift */,
				3C675DED2B51757F00C0E134 /* TLButton.swift */,
			);
			path = Widget;
			sourceTree = "<group>";
		};
/* End PBXGroup section */

/* Begin PBXNativeTarget section */
		3CDFDAFB2B503D7200544E23 /* ToDoListApp */ = {
			isa = PBXNativeTarget;
			buildConfigurationList = 3CDFDB212B503D7500544E23 /* Build configuration list for PBXNativeTarget "ToDoListApp" */;
			buildPhases = (
				3CDFDAF82B503D7200544E23 /* Sources */,
				3CDFDAF92B503D7200544E23 /* Frameworks */,
				3CDFDAFA2B503D7200544E23 /* Resources */,
			);
			buildRules = (
			);
			dependencies = (
			);
			name = ToDoListApp;
			packageProductDependencies = (
				3CDFDB2B2B503DBC00544E23 /* FirebaseAuth */,
				3CDFDB2D2B503DBC00544E23 /* FirebaseFirestore */,
				3CDFDB2F2B503DBC00544E23 /* FirebaseFirestoreSwift */,
			);
			productName = ToDoListApp;
			productReference = 3CDFDAFC2B503D7200544E23 /* ToDoListApp.app */;
			productType = "com.apple.product-type.application";
		};
		3CDFDB0C2B503D7500544E23 /* ToDoListAppTests */ = {
			isa = PBXNativeTarget;
			buildConfigurationList = 3CDFDB242B503D7500544E23 /* Build configuration list for PBXNativeTarget "ToDoListAppTests" */;
			buildPhases = (
				3CDFDB092B503D7500544E23 /* Sources */,
				3CDFDB0A2B503D7500544E23 /* Frameworks */,
				3CDFDB0B2B503D7500544E23 /* Resources */,
			);
			buildRules = (
			);
			dependencies = (
				3CDFDB0F2B503D7500544E23 /* PBXTargetDependency */,
			);
			name = ToDoListAppTests;
			productName = ToDoListAppTests;
			productReference = 3CDFDB0D2B503D7500544E23 /* ToDoListAppTests.xctest */;
			productType = "com.apple.product-type.bundle.unit-test";
		};
		3CDFDB162B503D7500544E23 /* ToDoListAppUITests */ = {
			isa = PBXNativeTarget;
			buildConfigurationList = 3CDFDB272B503D7500544E23 /* Build configuration list for PBXNativeTarget "ToDoListAppUITests" */;
			buildPhases = (
				3CDFDB132B503D7500544E23 /* Sources */,
				3CDFDB142B503D7500544E23 /* Frameworks */,
				3CDFDB152B503D7500544E23 /* Resources */,
			);
			buildRules = (
			);
			dependencies = (
				3CDFDB192B503D7500544E23 /* PBXTargetDependency */,
			);
			name = ToDoListAppUITests;
			productName = ToDoListAppUITests;
			productReference = 3CDFDB172B503D7500544E23 /* ToDoListAppUITests.xctest */;
			productType = "com.apple.product-type.bundle.ui-testing";
		};
/* End PBXNativeTarget section */

/* Begin PBXProject section */
		3CDFDAF42B503D7200544E23 /* Project object */ = {
			isa = PBXProject;
			attributes = {
				BuildIndependentTargetsInParallel = 1;
				LastSwiftUpdateCheck = 1500;
				LastUpgradeCheck = 1500;
				TargetAttributes = {
					3CDFDAFB2B503D7200544E23 = {
						CreatedOnToolsVersion = 15.0;
					};
					3CDFDB0C2B503D7500544E23 = {
						CreatedOnToolsVersion = 15.0;
						TestTargetID = 3CDFDAFB2B503D7200544E23;
					};
					3CDFDB162B503D7500544E23 = {
						CreatedOnToolsVersion = 15.0;
						TestTargetID = 3CDFDAFB2B503D7200544E23;
					};
				};
			};
			buildConfigurationList = 3CDFDAF72B503D7200544E23 /* Build configuration list for PBXProject "ToDoListApp" */;
			compatibilityVersion = "Xcode 14.0";
			developmentRegion = en;
			hasScannedForEncodings = 0;
			knownRegions = (
				en,
				Base,
			);
			mainGroup = 3CDFDAF32B503D7200544E23;
			packageReferences = (
				3CDFDB2A2B503DBB00544E23 /* XCRemoteSwiftPackageReference "firebase-ios-sdk" */,
			);
			productRefGroup = 3CDFDAFD2B503D7200544E23 /* Products */;
			projectDirPath = "";
			projectRoot = "";
			targets = (
				3CDFDAFB2B503D7200544E23 /* ToDoListApp */,
				3CDFDB0C2B503D7500544E23 /* ToDoListAppTests */,
				3CDFDB162B503D7500544E23 /* ToDoListAppUITests */,
			);
		};
/* End PBXProject section */

/* Begin PBXResourcesBuildPhase section */
		3CDFDAFA2B503D7200544E23 /* Resources */ = {
			isa = PBXResourcesBuildPhase;
			buildActionMask = 2147483647;
			files = (
				3CDFDB082B503D7500544E23 /* Preview Assets.xcassets in Resources */,
				3CDFDB042B503D7500544E23 /* Assets.xcassets in Resources */,
				3CDFDB322B50401200544E23 /* GoogleService-Info.plist in Resources */,
			);
			runOnlyForDeploymentPostprocessing = 0;
		};
		3CDFDB0B2B503D7500544E23 /* Resources */ = {
			isa = PBXResourcesBuildPhase;
			buildActionMask = 2147483647;
			files = (
			);
			runOnlyForDeploymentPostprocessing = 0;
		};
		3CDFDB152B503D7500544E23 /* Resources */ = {
			isa = PBXResourcesBuildPhase;
			buildActionMask = 2147483647;
			files = (
			);
			runOnlyForDeploymentPostprocessing = 0;
		};
/* End PBXResourcesBuildPhase section */

/* Begin PBXSourcesBuildPhase section */
		3CDFDAF82B503D7200544E23 /* Sources */ = {
			isa = PBXSourcesBuildPhase;
			buildActionMask = 2147483647;
			files = (
				3CDFDB402B50FA1600544E23 /* LoginVIew.swift in Sources */,
				3CDFDB592B51018000544E23 /* HeaderView.swift in Sources */,
				3CDFDB462B50FACA00544E23 /* Users.swift in Sources */,
				3CDFDB542B50FB8200544E23 /* RegisterViewViewModel.swift in Sources */,
				3C675DF02B51AA6000C0E134 /* Extention.swift in Sources */,
				3CDFDB4A2B50FB1200544E23 /* MainViewViewModel.swift in Sources */,
				3CDFDB442B50FA5700544E23 /* ToDoListItemVIew.swift in Sources */,
				3CDFDB022B503D7200544E23 /* MainView.swift in Sources */,
				3CDFDB4C2B50FB2B00544E23 /* ProfileViewViewModel.swift in Sources */,
				3C675DEE2B51757F00C0E134 /* TLButton.swift in Sources */,
				3CDFDB3C2B50F9E600544E23 /* ToDoListView.swift in Sources */,
				3CDFDB422B50FA2800544E23 /* RegisterView.swift in Sources */,
				3CDFDB3A2B50F9C600544E23 /* ProfileView.swift in Sources */,
				3CDFDB4E2B50FB4D00544E23 /* ToDoListViewViewModel.swift in Sources */,
				3CDFDB522B50FB7200544E23 /* LoginViewViewModel.swift in Sources */,
				3CDFDB002B503D7200544E23 /* ToDoListAppApp.swift in Sources */,
				3CDFDB482B50FAE200544E23 /* ToDoListItem.swift in Sources */,
				3CDFDB3E2B50FA0400544E23 /* NewItemView.swift in Sources */,
				3CDFDB502B50FB6600544E23 /* NewItemViewViewModel.swift in Sources */,
				3CDFDB562B50FB9600544E23 /* ToDoListItemViewViewModel.swift in Sources */,
			);
			runOnlyForDeploymentPostprocessing = 0;
		};
		3CDFDB092B503D7500544E23 /* Sources */ = {
			isa = PBXSourcesBuildPhase;
			buildActionMask = 2147483647;
			files = (
				3CDFDB122B503D7500544E23 /* ToDoListAppTests.swift in Sources */,
			);
			runOnlyForDeploymentPostprocessing = 0;
		};
		3CDFDB132B503D7500544E23 /* Sources */ = {
			isa = PBXSourcesBuildPhase;
			buildActionMask = 2147483647;
			files = (
				3CDFDB1E2B503D7500544E23 /* ToDoListAppUITestsLaunchTests.swift in Sources */,
				3CDFDB1C2B503D7500544E23 /* ToDoListAppUITests.swift in Sources */,
			);
			runOnlyForDeploymentPostprocessing = 0;
		};
/* End PBXSourcesBuildPhase section */

/* Begin PBXTargetDependency section */
		3CDFDB0F2B503D7500544E23 /* PBXTargetDependency */ = {
			isa = PBXTargetDependency;
			target = 3CDFDAFB2B503D7200544E23 /* ToDoListApp */;
			targetProxy = 3CDFDB0E2B503D7500544E23 /* PBXContainerItemProxy */;
		};
		3CDFDB192B503D7500544E23 /* PBXTargetDependency */ = {
			isa = PBXTargetDependency;
			target = 3CDFDAFB2B503D7200544E23 /* ToDoListApp */;
			targetProxy = 3CDFDB182B503D7500544E23 /* PBXContainerItemProxy */;
		};
/* End PBXTargetDependency section */

/* Begin XCBuildConfiguration section */
		3CDFDB1F2B503D7500544E23 /* Debug */ = {
			isa = XCBuildConfiguration;
			buildSettings = {
				ALWAYS_SEARCH_USER_PATHS = NO;
				ASSETCATALOG_COMPILER_GENERATE_SWIFT_ASSET_SYMBOL_EXTENSIONS = YES;
				CLANG_ANALYZER_NONNULL = YES;
				CLANG_ANALYZER_NUMBER_OBJECT_CONVERSION = YES_AGGRESSIVE;
				CLANG_CXX_LANGUAGE_STANDARD = "gnu++20";
				CLANG_ENABLE_MODULES = YES;
				CLANG_ENABLE_OBJC_ARC = YES;
				CLANG_ENABLE_OBJC_WEAK = YES;
				CLANG_WARN_BLOCK_CAPTURE_AUTORELEASING = YES;
				CLANG_WARN_BOOL_CONVERSION = YES;
				CLANG_WARN_COMMA = YES;
				CLANG_WARN_CONSTANT_CONVERSION = YES;
				CLANG_WARN_DEPRECATED_OBJC_IMPLEMENTATIONS = YES;
				CLANG_WARN_DIRECT_OBJC_ISA_USAGE = YES_ERROR;
				CLANG_WARN_DOCUMENTATION_COMMENTS = YES;
				CLANG_WARN_EMPTY_BODY = YES;
				CLANG_WARN_ENUM_CONVERSION = YES;
				CLANG_WARN_INFINITE_RECURSION = YES;
				CLANG_WARN_INT_CONVERSION = YES;
				CLANG_WARN_NON_LITERAL_NULL_CONVERSION = YES;
				CLANG_WARN_OBJC_IMPLICIT_RETAIN_SELF = YES;
				CLANG_WARN_OBJC_LITERAL_CONVERSION = YES;
				CLANG_WARN_OBJC_ROOT_CLASS = YES_ERROR;
				CLANG_WARN_QUOTED_INCLUDE_IN_FRAMEWORK_HEADER = YES;
				CLANG_WARN_RANGE_LOOP_ANALYSIS = YES;
				CLANG_WARN_STRICT_PROTOTYPES = YES;
				CLANG_WARN_SUSPICIOUS_MOVE = YES;
				CLANG_WARN_UNGUARDED_AVAILABILITY = YES_AGGRESSIVE;
				CLANG_WARN_UNREACHABLE_CODE = YES;
				CLANG_WARN__DUPLICATE_METHOD_MATCH = YES;
				COPY_PHASE_STRIP = NO;
				DEBUG_INFORMATION_FORMAT = dwarf;
				ENABLE_STRICT_OBJC_MSGSEND = YES;
				ENABLE_TESTABILITY = YES;
				ENABLE_USER_SCRIPT_SANDBOXING = YES;
				GCC_C_LANGUAGE_STANDARD = gnu17;
				GCC_DYNAMIC_NO_PIC = NO;
				GCC_NO_COMMON_BLOCKS = YES;
				GCC_OPTIMIZATION_LEVEL = 0;
				GCC_PREPROCESSOR_DEFINITIONS = (
					"DEBUG=1",
					"$(inherited)",
				);
				GCC_WARN_64_TO_32_BIT_CONVERSION = YES;
				GCC_WARN_ABOUT_RETURN_TYPE = YES_ERROR;
				GCC_WARN_UNDECLARED_SELECTOR = YES;
				GCC_WARN_UNINITIALIZED_AUTOS = YES_AGGRESSIVE;
				GCC_WARN_UNUSED_FUNCTION = YES;
				GCC_WARN_UNUSED_VARIABLE = YES;
				LOCALIZATION_PREFERS_STRING_CATALOGS = YES;
				MTL_ENABLE_DEBUG_INFO = INCLUDE_SOURCE;
				MTL_FAST_MATH = YES;
				ONLY_ACTIVE_ARCH = YES;
				SWIFT_ACTIVE_COMPILATION_CONDITIONS = "DEBUG $(inherited)";
				SWIFT_OPTIMIZATION_LEVEL = "-Onone";
			};
			name = Debug;
		};
		3CDFDB202B503D7500544E23 /* Release */ = {
			isa = XCBuildConfiguration;
			buildSettings = {
				ALWAYS_SEARCH_USER_PATHS = NO;
				ASSETCATALOG_COMPILER_GENERATE_SWIFT_ASSET_SYMBOL_EXTENSIONS = YES;
				CLANG_ANALYZER_NONNULL = YES;
				CLANG_ANALYZER_NUMBER_OBJECT_CONVERSION = YES_AGGRESSIVE;
				CLANG_CXX_LANGUAGE_STANDARD = "gnu++20";
				CLANG_ENABLE_MODULES = YES;
				CLANG_ENABLE_OBJC_ARC = YES;
				CLANG_ENABLE_OBJC_WEAK = YES;
				CLANG_WARN_BLOCK_CAPTURE_AUTORELEASING = YES;
				CLANG_WARN_BOOL_CONVERSION = YES;
				CLANG_WARN_COMMA = YES;
				CLANG_WARN_CONSTANT_CONVERSION = YES;
				CLANG_WARN_DEPRECATED_OBJC_IMPLEMENTATIONS = YES;
				CLANG_WARN_DIRECT_OBJC_ISA_USAGE = YES_ERROR;
				CLANG_WARN_DOCUMENTATION_COMMENTS = YES;
				CLANG_WARN_EMPTY_BODY = YES;
				CLANG_WARN_ENUM_CONVERSION = YES;
				CLANG_WARN_INFINITE_RECURSION = YES;
				CLANG_WARN_INT_CONVERSION = YES;
				CLANG_WARN_NON_LITERAL_NULL_CONVERSION = YES;
				CLANG_WARN_OBJC_IMPLICIT_RETAIN_SELF = YES;
				CLANG_WARN_OBJC_LITERAL_CONVERSION = YES;
				CLANG_WARN_OBJC_ROOT_CLASS = YES_ERROR;
				CLANG_WARN_QUOTED_INCLUDE_IN_FRAMEWORK_HEADER = YES;
				CLANG_WARN_RANGE_LOOP_ANALYSIS = YES;
				CLANG_WARN_STRICT_PROTOTYPES = YES;
				CLANG_WARN_SUSPICIOUS_MOVE = YES;
				CLANG_WARN_UNGUARDED_AVAILABILITY = YES_AGGRESSIVE;
				CLANG_WARN_UNREACHABLE_CODE = YES;
				CLANG_WARN__DUPLICATE_METHOD_MATCH = YES;
				COPY_PHASE_STRIP = NO;
				DEBUG_INFORMATION_FORMAT = "dwarf-with-dsym";
				ENABLE_NS_ASSERTIONS = NO;
				ENABLE_STRICT_OBJC_MSGSEND = YES;
				ENABLE_USER_SCRIPT_SANDBOXING = YES;
				GCC_C_LANGUAGE_STANDARD = gnu17;
				GCC_NO_COMMON_BLOCKS = YES;
				GCC_WARN_64_TO_32_BIT_CONVERSION = YES;
				GCC_WARN_ABOUT_RETURN_TYPE = YES_ERROR;
				GCC_WARN_UNDECLARED_SELECTOR = YES;
				GCC_WARN_UNINITIALIZED_AUTOS = YES_AGGRESSIVE;
				GCC_WARN_UNUSED_FUNCTION = YES;
				GCC_WARN_UNUSED_VARIABLE = YES;
				LOCALIZATION_PREFERS_STRING_CATALOGS = YES;
				MTL_ENABLE_DEBUG_INFO = NO;
				MTL_FAST_MATH = YES;
				SWIFT_COMPILATION_MODE = wholemodule;
			};
			name = Release;
		};
		3CDFDB222B503D7500544E23 /* Debug */ = {
			isa = XCBuildConfiguration;
			buildSettings = {
				ASSETCATALOG_COMPILER_APPICON_NAME = AppIcon;
				ASSETCATALOG_COMPILER_GLOBAL_ACCENT_COLOR_NAME = AccentColor;
				CODE_SIGN_ENTITLEMENTS = ToDoListApp/ToDoListApp.entitlements;
				CODE_SIGN_STYLE = Automatic;
				CURRENT_PROJECT_VERSION = 1;
				DEVELOPMENT_ASSET_PATHS = "\"ToDoListApp/Preview Content\"";
				ENABLE_PREVIEWS = YES;
				GENERATE_INFOPLIST_FILE = YES;
				INFOPLIST_KEY_CFBundleDisplayName = "TO DO List";
				"INFOPLIST_KEY_UIApplicationSceneManifest_Generation[sdk=iphoneos*]" = YES;
				"INFOPLIST_KEY_UIApplicationSceneManifest_Generation[sdk=iphonesimulator*]" = YES;
				"INFOPLIST_KEY_UIApplicationSupportsIndirectInputEvents[sdk=iphoneos*]" = YES;
				"INFOPLIST_KEY_UIApplicationSupportsIndirectInputEvents[sdk=iphonesimulator*]" = YES;
				"INFOPLIST_KEY_UILaunchScreen_Generation[sdk=iphoneos*]" = YES;
				"INFOPLIST_KEY_UILaunchScreen_Generation[sdk=iphonesimulator*]" = YES;
				"INFOPLIST_KEY_UIStatusBarStyle[sdk=iphoneos*]" = UIStatusBarStyleDefault;
				"INFOPLIST_KEY_UIStatusBarStyle[sdk=iphonesimulator*]" = UIStatusBarStyleDefault;
				INFOPLIST_KEY_UISupportedInterfaceOrientations = UIInterfaceOrientationPortrait;
				INFOPLIST_KEY_UISupportedInterfaceOrientations_iPad = "UIInterfaceOrientationLandscapeLeft UIInterfaceOrientationLandscapeRight UIInterfaceOrientationPortrait";
				IPHONEOS_DEPLOYMENT_TARGET = 17.0;
				LD_RUNPATH_SEARCH_PATHS = "@executable_path/Frameworks";
				"LD_RUNPATH_SEARCH_PATHS[sdk=macosx*]" = "@executable_path/../Frameworks";
				MACOSX_DEPLOYMENT_TARGET = 14.0;
				MARKETING_VERSION = 1.0;
				PRODUCT_BUNDLE_IDENTIFIER = micky.ToDoListApp;
				PRODUCT_NAME = "$(TARGET_NAME)";
				SDKROOT = auto;
				SUPPORTED_PLATFORMS = "iphoneos iphonesimulator macosx";
				SWIFT_EMIT_LOC_STRINGS = YES;
				SWIFT_VERSION = 5.0;
				TARGETED_DEVICE_FAMILY = "1,2";
			};
			name = Debug;
		};
		3CDFDB232B503D7500544E23 /* Release */ = {
			isa = XCBuildConfiguration;
			buildSettings = {
				ASSETCATALOG_COMPILER_APPICON_NAME = AppIcon;
				ASSETCATALOG_COMPILER_GLOBAL_ACCENT_COLOR_NAME = AccentColor;
				CODE_SIGN_ENTITLEMENTS = ToDoListApp/ToDoListApp.entitlements;
				CODE_SIGN_STYLE = Automatic;
				CURRENT_PROJECT_VERSION = 1;
				DEVELOPMENT_ASSET_PATHS = "\"ToDoListApp/Preview Content\"";
				ENABLE_PREVIEWS = YES;
				GENERATE_INFOPLIST_FILE = YES;
				INFOPLIST_KEY_CFBundleDisplayName = "TO DO List";
				"INFOPLIST_KEY_UIApplicationSceneManifest_Generation[sdk=iphoneos*]" = YES;
				"INFOPLIST_KEY_UIApplicationSceneManifest_Generation[sdk=iphonesimulator*]" = YES;
				"INFOPLIST_KEY_UIApplicationSupportsIndirectInputEvents[sdk=iphoneos*]" = YES;
				"INFOPLIST_KEY_UIApplicationSupportsIndirectInputEvents[sdk=iphonesimulator*]" = YES;
				"INFOPLIST_KEY_UILaunchScreen_Generation[sdk=iphoneos*]" = YES;
				"INFOPLIST_KEY_UILaunchScreen_Generation[sdk=iphonesimulator*]" = YES;
				"INFOPLIST_KEY_UIStatusBarStyle[sdk=iphoneos*]" = UIStatusBarStyleDefault;
				"INFOPLIST_KEY_UIStatusBarStyle[sdk=iphonesimulator*]" = UIStatusBarStyleDefault;
				INFOPLIST_KEY_UISupportedInterfaceOrientations = UIInterfaceOrientationPortrait;
				INFOPLIST_KEY_UISupportedInterfaceOrientations_iPad = "UIInterfaceOrientationLandscapeLeft UIInterfaceOrientationLandscapeRight UIInterfaceOrientationPortrait";
				IPHONEOS_DEPLOYMENT_TARGET = 17.0;
				LD_RUNPATH_SEARCH_PATHS = "@executable_path/Frameworks";
				"LD_RUNPATH_SEARCH_PATHS[sdk=macosx*]" = "@executable_path/../Frameworks";
				MACOSX_DEPLOYMENT_TARGET = 14.0;
				MARKETING_VERSION = 1.0;
				PRODUCT_BUNDLE_IDENTIFIER = micky.ToDoListApp;
				PRODUCT_NAME = "$(TARGET_NAME)";
				SDKROOT = auto;
				SUPPORTED_PLATFORMS = "iphoneos iphonesimulator macosx";
				SWIFT_EMIT_LOC_STRINGS = YES;
				SWIFT_VERSION = 5.0;
				TARGETED_DEVICE_FAMILY = "1,2";
			};
			name = Release;
		};
		3CDFDB252B503D7500544E23 /* Debug */ = {
			isa = XCBuildConfiguration;
			buildSettings = {
				ALWAYS_EMBED_SWIFT_STANDARD_LIBRARIES = YES;
				BUNDLE_LOADER = "$(TEST_HOST)";
				CODE_SIGN_STYLE = Automatic;
				CURRENT_PROJECT_VERSION = 1;
				GENERATE_INFOPLIST_FILE = YES;
				IPHONEOS_DEPLOYMENT_TARGET = 17.0;
				MACOSX_DEPLOYMENT_TARGET = 14.0;
				MARKETING_VERSION = 1.0;
				PRODUCT_BUNDLE_IDENTIFIER = micky.ToDoListAppTests;
				PRODUCT_NAME = "$(TARGET_NAME)";
				SDKROOT = auto;
				SUPPORTED_PLATFORMS = "iphoneos iphonesimulator macosx";
				SWIFT_EMIT_LOC_STRINGS = NO;
				SWIFT_VERSION = 5.0;
				TARGETED_DEVICE_FAMILY = "1,2";
				TEST_HOST = "$(BUILT_PRODUCTS_DIR)/ToDoListApp.app/$(BUNDLE_EXECUTABLE_FOLDER_PATH)/ToDoListApp";
			};
			name = Debug;
		};
		3CDFDB262B503D7500544E23 /* Release */ = {
			isa = XCBuildConfiguration;
			buildSettings = {
				ALWAYS_EMBED_SWIFT_STANDARD_LIBRARIES = YES;
				BUNDLE_LOADER = "$(TEST_HOST)";
				CODE_SIGN_STYLE = Automatic;
				CURRENT_PROJECT_VERSION = 1;
				GENERATE_INFOPLIST_FILE = YES;
				IPHONEOS_DEPLOYMENT_TARGET = 17.0;
				MACOSX_DEPLOYMENT_TARGET = 14.0;
				MARKETING_VERSION = 1.0;
				PRODUCT_BUNDLE_IDENTIFIER = micky.ToDoListAppTests;
				PRODUCT_NAME = "$(TARGET_NAME)";
				SDKROOT = auto;
				SUPPORTED_PLATFORMS = "iphoneos iphonesimulator macosx";
				SWIFT_EMIT_LOC_STRINGS = NO;
				SWIFT_VERSION = 5.0;
				TARGETED_DEVICE_FAMILY = "1,2";
				TEST_HOST = "$(BUILT_PRODUCTS_DIR)/ToDoListApp.app/$(BUNDLE_EXECUTABLE_FOLDER_PATH)/ToDoListApp";
			};
			name = Release;
		};
		3CDFDB282B503D7500544E23 /* Debug */ = {
			isa = XCBuildConfiguration;
			buildSettings = {
				ALWAYS_EMBED_SWIFT_STANDARD_LIBRARIES = YES;
				CODE_SIGN_STYLE = Automatic;
				CURRENT_PROJECT_VERSION = 1;
				GENERATE_INFOPLIST_FILE = YES;
				IPHONEOS_DEPLOYMENT_TARGET = 17.0;
				MACOSX_DEPLOYMENT_TARGET = 14.0;
				MARKETING_VERSION = 1.0;
				PRODUCT_BUNDLE_IDENTIFIER = micky.ToDoListAppUITests;
				PRODUCT_NAME = "$(TARGET_NAME)";
				SDKROOT = auto;
				SUPPORTED_PLATFORMS = "iphoneos iphonesimulator macosx";
				SWIFT_EMIT_LOC_STRINGS = NO;
				SWIFT_VERSION = 5.0;
				TARGETED_DEVICE_FAMILY = "1,2";
				TEST_TARGET_NAME = ToDoListApp;
			};
			name = Debug;
		};
		3CDFDB292B503D7500544E23 /* Release */ = {
			isa = XCBuildConfiguration;
			buildSettings = {
				ALWAYS_EMBED_SWIFT_STANDARD_LIBRARIES = YES;
				CODE_SIGN_STYLE = Automatic;
				CURRENT_PROJECT_VERSION = 1;
				GENERATE_INFOPLIST_FILE = YES;
				IPHONEOS_DEPLOYMENT_TARGET = 17.0;
				MACOSX_DEPLOYMENT_TARGET = 14.0;
				MARKETING_VERSION = 1.0;
				PRODUCT_BUNDLE_IDENTIFIER = micky.ToDoListAppUITests;
				PRODUCT_NAME = "$(TARGET_NAME)";
				SDKROOT = auto;
				SUPPORTED_PLATFORMS = "iphoneos iphonesimulator macosx";
				SWIFT_EMIT_LOC_STRINGS = NO;
				SWIFT_VERSION = 5.0;
				TARGETED_DEVICE_FAMILY = "1,2";
				TEST_TARGET_NAME = ToDoListApp;
			};
			name = Release;
		};
/* End XCBuildConfiguration section */

/* Begin XCConfigurationList section */
		3CDFDAF72B503D7200544E23 /* Build configuration list for PBXProject "ToDoListApp" */ = {
			isa = XCConfigurationList;
			buildConfigurations = (
				3CDFDB1F2B503D7500544E23 /* Debug */,
				3CDFDB202B503D7500544E23 /* Release */,
			);
			defaultConfigurationIsVisible = 0;
			defaultConfigurationName = Release;
		};
		3CDFDB212B503D7500544E23 /* Build configuration list for PBXNativeTarget "ToDoListApp" */ = {
			isa = XCConfigurationList;
			buildConfigurations = (
				3CDFDB222B503D7500544E23 /* Debug */,
				3CDFDB232B503D7500544E23 /* Release */,
			);
			defaultConfigurationIsVisible = 0;
			defaultConfigurationName = Release;
		};
		3CDFDB242B503D7500544E23 /* Build configuration list for PBXNativeTarget "ToDoListAppTests" */ = {
			isa = XCConfigurationList;
			buildConfigurations = (
				3CDFDB252B503D7500544E23 /* Debug */,
				3CDFDB262B503D7500544E23 /* Release */,
			);
			defaultConfigurationIsVisible = 0;
			defaultConfigurationName = Release;
		};
		3CDFDB272B503D7500544E23 /* Build configuration list for PBXNativeTarget "ToDoListAppUITests" */ = {
			isa = XCConfigurationList;
			buildConfigurations = (
				3CDFDB282B503D7500544E23 /* Debug */,
				3CDFDB292B503D7500544E23 /* Release */,
			);
			defaultConfigurationIsVisible = 0;
			defaultConfigurationName = Release;
		};
/* End XCConfigurationList section */

/* Begin XCRemoteSwiftPackageReference section */
		3CDFDB2A2B503DBB00544E23 /* XCRemoteSwiftPackageReference "firebase-ios-sdk" */ = {
			isa = XCRemoteSwiftPackageReference;
			repositoryURL = "https://github.com/firebase/firebase-ios-sdk.git";
			requirement = {
				kind = upToNextMajorVersion;
				minimumVersion = 10.19.1;
			};
		};
/* End XCRemoteSwiftPackageReference section */

/* Begin XCSwiftPackageProductDependency section */
		3CDFDB2B2B503DBC00544E23 /* FirebaseAuth */ = {
			isa = XCSwiftPackageProductDependency;
			package = 3CDFDB2A2B503DBB00544E23 /* XCRemoteSwiftPackageReference "firebase-ios-sdk" */;
			productName = FirebaseAuth;
		};
		3CDFDB2D2B503DBC00544E23 /* FirebaseFirestore */ = {
			isa = XCSwiftPackageProductDependency;
			package = 3CDFDB2A2B503DBB00544E23 /* XCRemoteSwiftPackageReference "firebase-ios-sdk" */;
			productName = FirebaseFirestore;
		};
		3CDFDB2F2B503DBC00544E23 /* FirebaseFirestoreSwift */ = {
			isa = XCSwiftPackageProductDependency;
			package = 3CDFDB2A2B503DBB00544E23 /* XCRemoteSwiftPackageReference "firebase-ios-sdk" */;
			productName = FirebaseFirestoreSwift;
		};
/* End XCSwiftPackageProductDependency section */
	};
	rootObject = 3CDFDAF42B503D7200544E23 /* Project object */;
}
